
Microsoft Visual Studio Solution File, Format Version 12.00
# Visual Studio 15
VisualStudioVersion = 15.0.27130.2027
MinimumVisualStudioVersion = 10.0.40219.1
Project("{FAE04EC0-301F-11D3-BF4B-00C04F79EFBC}") = "BestMoviesEver", "BestMoviesEver\BestMoviesEver.csproj", "{A6485D8F-7D5F-434E-8333-5C3B7F6C66D9}"
EndProject
Global
	GlobalSection(SolutionConfigurationPlatforms) = preSolution
		Debug|Any CPU = Debug|Any CPU
		Release|Any CPU = Release|Any CPU
	EndGlobalSection
	GlobalSection(ProjectConfigurationPlatforms) = postSolution
		{A6485D8F-7D5F-434E-8333-5C3B7F6C66D9}.Debug|Any CPU.ActiveCfg = Debug|Any CPU
		{A6485D8F-7D5F-434E-8333-5C3B7F6C66D9}.Debug|Any CPU.Build.0 = Debug|Any CPU
		{A6485D8F-7D5F-434E-8333-5C3B7F6C66D9}.Release|Any CPU.ActiveCfg = Release|Any CPU
		{A6485D8F-7D5F-434E-8333-5C3B7F6C66D9}.Release|Any CPU.Build.0 = Release|Any CPU
	EndGlobalSection
	GlobalSection(SolutionProperties) = preSolution
		HideSolutionNode = FALSE
	EndGlobalSection
	GlobalSection(ExtensibilityGlobals) = postSolution
		SolutionGuid = {1752427F-2EE6-4A00-A78E-3347F0C1A844}
	EndGlobalSection
EndGlobal
